
Microsoft Visual Studio Solution File, Format Version 12.00
# Visual Studio Version 17
VisualStudioVersion = 17.0.31919.166
MinimumVisualStudioVersion = 10.0.40219.1
Project("{FAE04EC0-301F-11D3-BF4B-00C04F79EFBC}") = "AntiD4dot", "AntiD4dot\AntiD4dot.csproj", "{C0B17061-B38B-4F9D-9AB2-C8A2B270A8AF}"
EndProject
Global
	GlobalSection(SolutionConfigurationPlatforms) = preSolution
		Debug|Any CPU = Debug|Any CPU
		Release|Any CPU = Release|Any CPU
	EndGlobalSection
	GlobalSection(ProjectConfigurationPlatforms) = postSolution
		{C0B17061-B38B-4F9D-9AB2-C8A2B270A8AF}.Debug|Any CPU.ActiveCfg = Debug|Any CPU
		{C0B17061-B38B-4F9D-9AB2-C8A2B270A8AF}.Debug|Any CPU.Build.0 = Debug|Any CPU
		{C0B17061-B38B-4F9D-9AB2-C8A2B270A8AF}.Release|Any CPU.ActiveCfg = Release|Any CPU
		{C0B17061-B38B-4F9D-9AB2-C8A2B270A8AF}.Release|Any CPU.Build.0 = Release|Any CPU
	EndGlobalSection
	GlobalSection(SolutionProperties) = preSolution
		HideSolutionNode = FALSE
	EndGlobalSection
	GlobalSection(ExtensibilityGlobals) = postSolution
		SolutionGuid = {FFE68F5F-0B7C-45FB-B23A-D1623A80C7D6}
	EndGlobalSection
EndGlobal
